// !$*UTF8*$!
{
	archiveVersion = 1;
	classes = {
	};
	objectVersion = 50;
	objects = {

/* Begin PBXBuildFile section */
		F22C6C9125CC8D910083017F /* TSU_NBA_PicksApp.swift in Sources */ = {isa = PBXBuildFile; fileRef = F22C6C9025CC8D910083017F /* TSU_NBA_PicksApp.swift */; };
		F22C6C9325CC8D910083017F /* ContentView.swift in Sources */ = {isa = PBXBuildFile; fileRef = F22C6C9225CC8D910083017F /* ContentView.swift */; };
		F22C6C9525CC8D930083017F /* Assets.xcassets in Resources */ = {isa = PBXBuildFile; fileRef = F22C6C9425CC8D930083017F /* Assets.xcassets */; };
		F22C6C9825CC8D930083017F /* Preview Assets.xcassets in Resources */ = {isa = PBXBuildFile; fileRef = F22C6C9725CC8D930083017F /* Preview Assets.xcassets */; };
		F22C6CA325CC8D940083017F /* TSU_NBA_PicksTests.swift in Sources */ = {isa = PBXBuildFile; fileRef = F22C6CA225CC8D940083017F /* TSU_NBA_PicksTests.swift */; };
		F22C6CAE25CC8D940083017F /* TSU_NBA_PicksUITests.swift in Sources */ = {isa = PBXBuildFile; fileRef = F22C6CAD25CC8D940083017F /* TSU_NBA_PicksUITests.swift */; };
/* End PBXBuildFile section */

/* Begin PBXContainerItemProxy section */
		F22C6C9F25CC8D940083017F /* PBXContainerItemProxy */ = {
			isa = PBXContainerItemProxy;
			containerPortal = F22C6C8525CC8D910083017F /* Project object */;
			proxyType = 1;
			remoteGlobalIDString = F22C6C8C25CC8D910083017F;
			remoteInfo = "TSU-NBA-Picks";
		};
		F22C6CAA25CC8D940083017F /* PBXContainerItemProxy */ = {
			isa = PBXContainerItemProxy;
			containerPortal = F22C6C8525CC8D910083017F /* Project object */;
			proxyType = 1;
			remoteGlobalIDString = F22C6C8C25CC8D910083017F;
			remoteInfo = "TSU-NBA-Picks";
		};
/* End PBXContainerItemProxy section */

/* Begin PBXFileReference section */
		F22C6C8D25CC8D910083017F /* TSU-NBA-Picks.app */ = {isa = PBXFileReference; explicitFileType = wrapper.application; includeInIndex = 0; path = "TSU-NBA-Picks.app"; sourceTree = BUILT_PRODUCTS_DIR; };
		F22C6C9025CC8D910083017F /* TSU_NBA_PicksApp.swift */ = {isa = PBXFileReference; lastKnownFileType = sourcecode.swift; path = TSU_NBA_PicksApp.swift; sourceTree = "<group>"; };
		F22C6C9225CC8D910083017F /* ContentView.swift */ = {isa = PBXFileReference; lastKnownFileType = sourcecode.swift; path = ContentView.swift; sourceTree = "<group>"; };
		F22C6C9425CC8D930083017F /* Assets.xcassets */ = {isa = PBXFileReference; lastKnownFileType = folder.assetcatalog; path = Assets.xcassets; sourceTree = "<group>"; };
		F22C6C9725CC8D930083017F /* Preview Assets.xcassets */ = {isa = PBXFileReference; lastKnownFileType = folder.assetcatalog; path = "Preview Assets.xcassets"; sourceTree = "<group>"; };
		F22C6C9925CC8D930083017F /* Info.plist */ = {isa = PBXFileReference; lastKnownFileType = text.plist.xml; path = Info.plist; sourceTree = "<group>"; };
		F22C6C9E25CC8D940083017F /* TSU-NBA-PicksTests.xctest */ = {isa = PBXFileReference; explicitFileType = wrapper.cfbundle; includeInIndex = 0; path = "TSU-NBA-PicksTests.xctest"; sourceTree = BUILT_PRODUCTS_DIR; };
		F22C6CA225CC8D940083017F /* TSU_NBA_PicksTests.swift */ = {isa = PBXFileReference; lastKnownFileType = sourcecode.swift; path = TSU_NBA_PicksTests.swift; sourceTree = "<group>"; };
		F22C6CA425CC8D940083017F /* Info.plist */ = {isa = PBXFileReference; lastKnownFileType = text.plist.xml; path = Info.plist; sourceTree = "<group>"; };
		F22C6CA925CC8D940083017F /* TSU-NBA-PicksUITests.xctest */ = {isa = PBXFileReference; explicitFileType = wrapper.cfbundle; includeInIndex = 0; path = "TSU-NBA-PicksUITests.xctest"; sourceTree = BUILT_PRODUCTS_DIR; };
		F22C6CAD25CC8D940083017F /* TSU_NBA_PicksUITests.swift */ = {isa = PBXFileReference; lastKnownFileType = sourcecode.swift; path = TSU_NBA_PicksUITests.swift; sourceTree = "<group>"; };
		F22C6CAF25CC8D940083017F /* Info.plist */ = {isa = PBXFileReference; lastKnownFileType = text.plist.xml; path = Info.plist; sourceTree = "<group>"; };
/* End PBXFileReference section */

/* Begin PBXFrameworksBuildPhase section */
		F22C6C8A25CC8D910083017F /* Frameworks */ = {
			isa = PBXFrameworksBuildPhase;
			buildActionMask = 2147483647;
			files = (
			);
			runOnlyForDeploymentPostprocessing = 0;
		};
		F22C6C9B25CC8D940083017F /* Frameworks */ = {
			isa = PBXFrameworksBuildPhase;
			buildActionMask = 2147483647;
			files = (
			);
			runOnlyForDeploymentPostprocessing = 0;
		};
		F22C6CA625CC8D940083017F /* Frameworks */ = {
			isa = PBXFrameworksBuildPhase;
			buildActionMask = 2147483647;
			files = (
			);
			runOnlyForDeploymentPostprocessing = 0;
		};
/* End PBXFrameworksBuildPhase section */

/* Begin PBXGroup section */
		F22C6C8425CC8D910083017F = {
			isa = PBXGroup;
			children = (
				F22C6C8F25CC8D910083017F /* TSU-NBA-Picks */,
				F22C6CA125CC8D940083017F /* TSU-NBA-PicksTests */,
				F22C6CAC25CC8D940083017F /* TSU-NBA-PicksUITests */,
				F22C6C8E25CC8D910083017F /* Products */,
			);
			sourceTree = "<group>";
		};
		F22C6C8E25CC8D910083017F /* Products */ = {
			isa = PBXGroup;
			children = (
				F22C6C8D25CC8D910083017F /* TSU-NBA-Picks.app */,
				F22C6C9E25CC8D940083017F /* TSU-NBA-PicksTests.xctest */,
				F22C6CA925CC8D940083017F /* TSU-NBA-PicksUITests.xctest */,
			);
			name = Products;
			sourceTree = "<group>";
		};
		F22C6C8F25CC8D910083017F /* TSU-NBA-Picks */ = {
			isa = PBXGroup;
			children = (
				F22C6C9025CC8D910083017F /* TSU_NBA_PicksApp.swift */,
				F22C6C9225CC8D910083017F /* ContentView.swift */,
				F22C6C9425CC8D930083017F /* Assets.xcassets */,
				F22C6C9925CC8D930083017F /* Info.plist */,
				F22C6C9625CC8D930083017F /* Preview Content */,
			);
			path = "TSU-NBA-Picks";
			sourceTree = "<group>";
		};
		F22C6C9625CC8D930083017F /* Preview Content */ = {
			isa = PBXGroup;
			children = (
				F22C6C9725CC8D930083017F /* Preview Assets.xcassets */,
			);
			path = "Preview Content";
			sourceTree = "<group>";
		};
		F22C6CA125CC8D940083017F /* TSU-NBA-PicksTests */ = {
			isa = PBXGroup;
			children = (
				F22C6CA225CC8D940083017F /* TSU_NBA_PicksTests.swift */,
				F22C6CA425CC8D940083017F /* Info.plist */,
			);
			path = "TSU-NBA-PicksTests";
			sourceTree = "<group>";
		};
		F22C6CAC25CC8D940083017F /* TSU-NBA-PicksUITests */ = {
			isa = PBXGroup;
			children = (
				F22C6CAD25CC8D940083017F /* TSU_NBA_PicksUITests.swift */,
				F22C6CAF25CC8D940083017F /* Info.plist */,
			);
			path = "TSU-NBA-PicksUITests";
			sourceTree = "<group>";
		};
/* End PBXGroup section */

/* Begin PBXNativeTarget section */
		F22C6C8C25CC8D910083017F /* TSU-NBA-Picks */ = {
			isa = PBXNativeTarget;
			buildConfigurationList = F22C6CB225CC8D940083017F /* Build configuration list for PBXNativeTarget "TSU-NBA-Picks" */;
			buildPhases = (
				F22C6C8925CC8D910083017F /* Sources */,
				F22C6C8A25CC8D910083017F /* Frameworks */,
				F22C6C8B25CC8D910083017F /* Resources */,
			);
			buildRules = (
			);
			dependencies = (
			);
			name = "TSU-NBA-Picks";
			productName = "TSU-NBA-Picks";
			productReference = F22C6C8D25CC8D910083017F /* TSU-NBA-Picks.app */;
			productType = "com.apple.product-type.application";
		};
		F22C6C9D25CC8D940083017F /* TSU-NBA-PicksTests */ = {
			isa = PBXNativeTarget;
			buildConfigurationList = F22C6CB525CC8D940083017F /* Build configuration list for PBXNativeTarget "TSU-NBA-PicksTests" */;
			buildPhases = (
				F22C6C9A25CC8D940083017F /* Sources */,
				F22C6C9B25CC8D940083017F /* Frameworks */,
				F22C6C9C25CC8D940083017F /* Resources */,
			);
			buildRules = (
			);
			dependencies = (
				F22C6CA025CC8D940083017F /* PBXTargetDependency */,
			);
			name = "TSU-NBA-PicksTests";
			productName = "TSU-NBA-PicksTests";
			productReference = F22C6C9E25CC8D940083017F /* TSU-NBA-PicksTests.xctest */;
			productType = "com.apple.product-type.bundle.unit-test";
		};
		F22C6CA825CC8D940083017F /* TSU-NBA-PicksUITests */ = {
			isa = PBXNativeTarget;
			buildConfigurationList = F22C6CB825CC8D940083017F /* Build configuration list for PBXNativeTarget "TSU-NBA-PicksUITests" */;
			buildPhases = (
				F22C6CA525CC8D940083017F /* Sources */,
				F22C6CA625CC8D940083017F /* Frameworks */,
				F22C6CA725CC8D940083017F /* Resources */,
			);
			buildRules = (
			);
			dependencies = (
				F22C6CAB25CC8D940083017F /* PBXTargetDependency */,
			);
			name = "TSU-NBA-PicksUITests";
			productName = "TSU-NBA-PicksUITests";
			productReference = F22C6CA925CC8D940083017F /* TSU-NBA-PicksUITests.xctest */;
			productType = "com.apple.product-type.bundle.ui-testing";
		};
/* End PBXNativeTarget section */

/* Begin PBXProject section */
		F22C6C8525CC8D910083017F /* Project object */ = {
			isa = PBXProject;
			attributes = {
				LastSwiftUpdateCheck = 1240;
				LastUpgradeCheck = 1240;
				TargetAttributes = {
					F22C6C8C25CC8D910083017F = {
						CreatedOnToolsVersion = 12.4;
					};
					F22C6C9D25CC8D940083017F = {
						CreatedOnToolsVersion = 12.4;
						TestTargetID = F22C6C8C25CC8D910083017F;
					};
					F22C6CA825CC8D940083017F = {
						CreatedOnToolsVersion = 12.4;
						TestTargetID = F22C6C8C25CC8D910083017F;
					};
				};
			};
			buildConfigurationList = F22C6C8825CC8D910083017F /* Build configuration list for PBXProject "TSU-NBA-Picks" */;
			compatibilityVersion = "Xcode 9.3";
			developmentRegion = en;
			hasScannedForEncodings = 0;
			knownRegions = (
				en,
				Base,
			);
			mainGroup = F22C6C8425CC8D910083017F;
			productRefGroup = F22C6C8E25CC8D910083017F /* Products */;
			projectDirPath = "";
			projectRoot = "";
			targets = (
				F22C6C8C25CC8D910083017F /* TSU-NBA-Picks */,
				F22C6C9D25CC8D940083017F /* TSU-NBA-PicksTests */,
				F22C6CA825CC8D940083017F /* TSU-NBA-PicksUITests */,
			);
		};
/* End PBXProject section */

/* Begin PBXResourcesBuildPhase section */
		F22C6C8B25CC8D910083017F /* Resources */ = {
			isa = PBXResourcesBuildPhase;
			buildActionMask = 2147483647;
			files = (
				F22C6C9825CC8D930083017F /* Preview Assets.xcassets in Resources */,
				F22C6C9525CC8D930083017F /* Assets.xcassets in Resources */,
			);
			runOnlyForDeploymentPostprocessing = 0;
		};
		F22C6C9C25CC8D940083017F /* Resources */ = {
			isa = PBXResourcesBuildPhase;
			buildActionMask = 2147483647;
			files = (
			);
			runOnlyForDeploymentPostprocessing = 0;
		};
		F22C6CA725CC8D940083017F /* Resources */ = {
			isa = PBXResourcesBuildPhase;
			buildActionMask = 2147483647;
			files = (
			);
			runOnlyForDeploymentPostprocessing = 0;
		};
/* End PBXResourcesBuildPhase section */

/* Begin PBXSourcesBuildPhase section */
		F22C6C8925CC8D910083017F /* Sources */ = {
			isa = PBXSourcesBuildPhase;
			buildActionMask = 2147483647;
			files = (
				F22C6C9325CC8D910083017F /* ContentView.swift in Sources */,
				F22C6C9125CC8D910083017F /* TSU_NBA_PicksApp.swift in Sources */,
			);
			runOnlyForDeploymentPostprocessing = 0;
		};
		F22C6C9A25CC8D940083017F /* Sources */ = {
			isa = PBXSourcesBuildPhase;
			buildActionMask = 2147483647;
			files = (
				F22C6CA325CC8D940083017F /* TSU_NBA_PicksTests.swift in Sources */,
			);
			runOnlyForDeploymentPostprocessing = 0;
		};
		F22C6CA525CC8D940083017F /* Sources */ = {
			isa = PBXSourcesBuildPhase;
			buildActionMask = 2147483647;
			files = (
				F22C6CAE25CC8D940083017F /* TSU_NBA_PicksUITests.swift in Sources */,
			);
			runOnlyForDeploymentPostprocessing = 0;
		};
/* End PBXSourcesBuildPhase section */

/* Begin PBXTargetDependency section */
		F22C6CA025CC8D940083017F /* PBXTargetDependency */ = {
			isa = PBXTargetDependency;
			target = F22C6C8C25CC8D910083017F /* TSU-NBA-Picks */;
			targetProxy = F22C6C9F25CC8D940083017F /* PBXContainerItemProxy */;
		};
		F22C6CAB25CC8D940083017F /* PBXTargetDependency */ = {
			isa = PBXTargetDependency;
			target = F22C6C8C25CC8D910083017F /* TSU-NBA-Picks */;
			targetProxy = F22C6CAA25CC8D940083017F /* PBXContainerItemProxy */;
		};
/* End PBXTargetDependency section */

/* Begin XCBuildConfiguration section */
		F22C6CB025CC8D940083017F /* Debug */ = {
			isa = XCBuildConfiguration;
			buildSettings = {
				ALWAYS_SEARCH_USER_PATHS = NO;
				CLANG_ANALYZER_NONNULL = YES;
				CLANG_ANALYZER_NUMBER_OBJECT_CONVERSION = YES_AGGRESSIVE;
				CLANG_CXX_LANGUAGE_STANDARD = "gnu++14";
				CLANG_CXX_LIBRARY = "libc++";
				CLANG_ENABLE_MODULES = YES;
				CLANG_ENABLE_OBJC_ARC = YES;
				CLANG_ENABLE_OBJC_WEAK = YES;
				CLANG_WARN_BLOCK_CAPTURE_AUTORELEASING = YES;
				CLANG_WARN_BOOL_CONVERSION = YES;
				CLANG_WARN_COMMA = YES;
				CLANG_WARN_CONSTANT_CONVERSION = YES;
				CLANG_WARN_DEPRECATED_OBJC_IMPLEMENTATIONS = YES;
				CLANG_WARN_DIRECT_OBJC_ISA_USAGE = YES_ERROR;
				CLANG_WARN_DOCUMENTATION_COMMENTS = YES;
				CLANG_WARN_EMPTY_BODY = YES;
				CLANG_WARN_ENUM_CONVERSION = YES;
				CLANG_WARN_INFINITE_RECURSION = YES;
				CLANG_WARN_INT_CONVERSION = YES;
				CLANG_WARN_NON_LITERAL_NULL_CONVERSION = YES;
				CLANG_WARN_OBJC_IMPLICIT_RETAIN_SELF = YES;
				CLANG_WARN_OBJC_LITERAL_CONVERSION = YES;
				CLANG_WARN_OBJC_ROOT_CLASS = YES_ERROR;
				CLANG_WARN_QUOTED_INCLUDE_IN_FRAMEWORK_HEADER = YES;
				CLANG_WARN_RANGE_LOOP_ANALYSIS = YES;
				CLANG_WARN_STRICT_PROTOTYPES = YES;
				CLANG_WARN_SUSPICIOUS_MOVE = YES;
				CLANG_WARN_UNGUARDED_AVAILABILITY = YES_AGGRESSIVE;
				CLANG_WARN_UNREACHABLE_CODE = YES;
				CLANG_WARN__DUPLICATE_METHOD_MATCH = YES;
				COPY_PHASE_STRIP = NO;
				DEBUG_INFORMATION_FORMAT = dwarf;
				ENABLE_STRICT_OBJC_MSGSEND = YES;
				ENABLE_TESTABILITY = YES;
				GCC_C_LANGUAGE_STANDARD = gnu11;
				GCC_DYNAMIC_NO_PIC = NO;
				GCC_NO_COMMON_BLOCKS = YES;
				GCC_OPTIMIZATION_LEVEL = 0;
				GCC_PREPROCESSOR_DEFINITIONS = (
					"DEBUG=1",
					"$(inherited)",
				);
				GCC_WARN_64_TO_32_BIT_CONVERSION = YES;
				GCC_WARN_ABOUT_RETURN_TYPE = YES_ERROR;
				GCC_WARN_UNDECLARED_SELECTOR = YES;
				GCC_WARN_UNINITIALIZED_AUTOS = YES_AGGRESSIVE;
				GCC_WARN_UNUSED_FUNCTION = YES;
				GCC_WARN_UNUSED_VARIABLE = YES;
				IPHONEOS_DEPLOYMENT_TARGET = 14.4;
				MTL_ENABLE_DEBUG_INFO = INCLUDE_SOURCE;
				MTL_FAST_MATH = YES;
				ONLY_ACTIVE_ARCH = YES;
				SDKROOT = iphoneos;
				SWIFT_ACTIVE_COMPILATION_CONDITIONS = DEBUG;
				SWIFT_OPTIMIZATION_LEVEL = "-Onone";
			};
			name = Debug;
		};
		F22C6CB125CC8D940083017F /* Release */ = {
			isa = XCBuildConfiguration;
			buildSettings = {
				ALWAYS_SEARCH_USER_PATHS = NO;
				CLANG_ANALYZER_NONNULL = YES;
				CLANG_ANALYZER_NUMBER_OBJECT_CONVERSION = YES_AGGRESSIVE;
				CLANG_CXX_LANGUAGE_STANDARD = "gnu++14";
				CLANG_CXX_LIBRARY = "libc++";
				CLANG_ENABLE_MODULES = YES;
				CLANG_ENABLE_OBJC_ARC = YES;
				CLANG_ENABLE_OBJC_WEAK = YES;
				CLANG_WARN_BLOCK_CAPTURE_AUTORELEASING = YES;
				CLANG_WARN_BOOL_CONVERSION = YES;
				CLANG_WARN_COMMA = YES;
				CLANG_WARN_CONSTANT_CONVERSION = YES;
				CLANG_WARN_DEPRECATED_OBJC_IMPLEMENTATIONS = YES;
				CLANG_WARN_DIRECT_OBJC_ISA_USAGE = YES_ERROR;
				CLANG_WARN_DOCUMENTATION_COMMENTS = YES;
				CLANG_WARN_EMPTY_BODY = YES;
				CLANG_WARN_ENUM_CONVERSION = YES;
				CLANG_WARN_INFINITE_RECURSION = YES;
				CLANG_WARN_INT_CONVERSION = YES;
				CLANG_WARN_NON_LITERAL_NULL_CONVERSION = YES;
				CLANG_WARN_OBJC_IMPLICIT_RETAIN_SELF = YES;
				CLANG_WARN_OBJC_LITERAL_CONVERSION = YES;
				CLANG_WARN_OBJC_ROOT_CLASS = YES_ERROR;
				CLANG_WARN_QUOTED_INCLUDE_IN_FRAMEWORK_HEADER = YES;
				CLANG_WARN_RANGE_LOOP_ANALYSIS = YES;
				CLANG_WARN_STRICT_PROTOTYPES = YES;
				CLANG_WARN_SUSPICIOUS_MOVE = YES;
				CLANG_WARN_UNGUARDED_AVAILABILITY = YES_AGGRESSIVE;
				CLANG_WARN_UNREACHABLE_CODE = YES;
				CLANG_WARN__DUPLICATE_METHOD_MATCH = YES;
				COPY_PHASE_STRIP = NO;
				DEBUG_INFORMATION_FORMAT = "dwarf-with-dsym";
				ENABLE_NS_ASSERTIONS = NO;
				ENABLE_STRICT_OBJC_MSGSEND = YES;
				GCC_C_LANGUAGE_STANDARD = gnu11;
				GCC_NO_COMMON_BLOCKS = YES;
				GCC_WARN_64_TO_32_BIT_CONVERSION = YES;
				GCC_WARN_ABOUT_RETURN_TYPE = YES_ERROR;
				GCC_WARN_UNDECLARED_SELECTOR = YES;
				GCC_WARN_UNINITIALIZED_AUTOS = YES_AGGRESSIVE;
				GCC_WARN_UNUSED_FUNCTION = YES;
				GCC_WARN_UNUSED_VARIABLE = YES;
				IPHONEOS_DEPLOYMENT_TARGET = 14.4;
				MTL_ENABLE_DEBUG_INFO = NO;
				MTL_FAST_MATH = YES;
				SDKROOT = iphoneos;
				SWIFT_COMPILATION_MODE = wholemodule;
				SWIFT_OPTIMIZATION_LEVEL = "-O";
				VALIDATE_PRODUCT = YES;
			};
			name = Release;
		};
		F22C6CB325CC8D940083017F /* Debug */ = {
			isa = XCBuildConfiguration;
			buildSettings = {
				ASSETCATALOG_COMPILER_APPICON_NAME = AppIcon;
				ASSETCATALOG_COMPILER_GLOBAL_ACCENT_COLOR_NAME = AccentColor;
				CODE_SIGN_STYLE = Automatic;
				DEVELOPMENT_ASSET_PATHS = "\"TSU-NBA-Picks/Preview Content\"";
				DEVELOPMENT_TEAM = P5VFH67A9C;
				ENABLE_PREVIEWS = YES;
				INFOPLIST_FILE = "TSU-NBA-Picks/Info.plist";
				IPHONEOS_DEPLOYMENT_TARGET = 14.0;
				LD_RUNPATH_SEARCH_PATHS = (
					"$(inherited)",
					"@executable_path/Frameworks",
				);
				PRODUCT_BUNDLE_IDENTIFIER = "Group2-CS499.TSU-NBA-Picks";
				PRODUCT_NAME = "$(TARGET_NAME)";
				SWIFT_VERSION = 5.0;
				TARGETED_DEVICE_FAMILY = "1,2";
			};
			name = Debug;
		};
		F22C6CB425CC8D940083017F /* Release */ = {
			isa = XCBuildConfiguration;
			buildSettings = {
				ASSETCATALOG_COMPILER_APPICON_NAME = AppIcon;
				ASSETCATALOG_COMPILER_GLOBAL_ACCENT_COLOR_NAME = AccentColor;
				CODE_SIGN_STYLE = Automatic;
				DEVELOPMENT_ASSET_PATHS = "\"TSU-NBA-Picks/Preview Content\"";
				DEVELOPMENT_TEAM = P5VFH67A9C;
				ENABLE_PREVIEWS = YES;
				INFOPLIST_FILE = "TSU-NBA-Picks/Info.plist";
				IPHONEOS_DEPLOYMENT_TARGET = 14.0;
				LD_RUNPATH_SEARCH_PATHS = (
					"$(inherited)",
					"@executable_path/Frameworks",
				);
				PRODUCT_BUNDLE_IDENTIFIER = "Group2-CS499.TSU-NBA-Picks";
				PRODUCT_NAME = "$(TARGET_NAME)";
				SWIFT_VERSION = 5.0;
				TARGETED_DEVICE_FAMILY = "1,2";
			};
			name = Release;
		};
		F22C6CB625CC8D940083017F /* Debug */ = {
			isa = XCBuildConfiguration;
			buildSettings = {
				ALWAYS_EMBED_SWIFT_STANDARD_LIBRARIES = YES;
				BUNDLE_LOADER = "$(TEST_HOST)";
				CODE_SIGN_STYLE = Automatic;
				DEVELOPMENT_TEAM = P5VFH67A9C;
				INFOPLIST_FILE = "TSU-NBA-PicksTests/Info.plist";
				IPHONEOS_DEPLOYMENT_TARGET = 14.0;
				LD_RUNPATH_SEARCH_PATHS = (
					"$(inherited)",
					"@executable_path/Frameworks",
					"@loader_path/Frameworks",
				);
				PRODUCT_BUNDLE_IDENTIFIER = "Group2-CS499.TSU-NBA-PicksTests";
				PRODUCT_NAME = "$(TARGET_NAME)";
				SWIFT_VERSION = 5.0;
				TARGETED_DEVICE_FAMILY = "1,2";
				TEST_HOST = "$(BUILT_PRODUCTS_DIR)/TSU-NBA-Picks.app/TSU-NBA-Picks";
			};
			name = Debug;
		};
		F22C6CB725CC8D940083017F /* Release */ = {
			isa = XCBuildConfiguration;
			buildSettings = {
				ALWAYS_EMBED_SWIFT_STANDARD_LIBRARIES = YES;
				BUNDLE_LOADER = "$(TEST_HOST)";
				CODE_SIGN_STYLE = Automatic;
				DEVELOPMENT_TEAM = P5VFH67A9C;
				INFOPLIST_FILE = "TSU-NBA-PicksTests/Info.plist";
				IPHONEOS_DEPLOYMENT_TARGET = 14.0;
				LD_RUNPATH_SEARCH_PATHS = (
					"$(inherited)",
					"@executable_path/Frameworks",
					"@loader_path/Frameworks",
				);
				PRODUCT_BUNDLE_IDENTIFIER = "Group2-CS499.TSU-NBA-PicksTests";
				PRODUCT_NAME = "$(TARGET_NAME)";
				SWIFT_VERSION = 5.0;
				TARGETED_DEVICE_FAMILY = "1,2";
				TEST_HOST = "$(BUILT_PRODUCTS_DIR)/TSU-NBA-Picks.app/TSU-NBA-Picks";
			};
			name = Release;
		};
		F22C6CB925CC8D940083017F /* Debug */ = {
			isa = XCBuildConfiguration;
			buildSettings = {
				ALWAYS_EMBED_SWIFT_STANDARD_LIBRARIES = YES;
				CODE_SIGN_STYLE = Automatic;
				DEVELOPMENT_TEAM = P5VFH67A9C;
				INFOPLIST_FILE = "TSU-NBA-PicksUITests/Info.plist";
				LD_RUNPATH_SEARCH_PATHS = (
					"$(inherited)",
					"@executable_path/Frameworks",
					"@loader_path/Frameworks",
				);
				PRODUCT_BUNDLE_IDENTIFIER = "Group2-CS499.TSU-NBA-PicksUITests";
				PRODUCT_NAME = "$(TARGET_NAME)";
				SWIFT_VERSION = 5.0;
				TARGETED_DEVICE_FAMILY = "1,2";
				TEST_TARGET_NAME = "TSU-NBA-Picks";
			};
			name = Debug;
		};
		F22C6CBA25CC8D940083017F /* Release */ = {
			isa = XCBuildConfiguration;
			buildSettings = {
				ALWAYS_EMBED_SWIFT_STANDARD_LIBRARIES = YES;
				CODE_SIGN_STYLE = Automatic;
				DEVELOPMENT_TEAM = P5VFH67A9C;
				INFOPLIST_FILE = "TSU-NBA-PicksUITests/Info.plist";
				LD_RUNPATH_SEARCH_PATHS = (
					"$(inherited)",
					"@executable_path/Frameworks",
					"@loader_path/Frameworks",
				);
				PRODUCT_BUNDLE_IDENTIFIER = "Group2-CS499.TSU-NBA-PicksUITests";
				PRODUCT_NAME = "$(TARGET_NAME)";
				SWIFT_VERSION = 5.0;
				TARGETED_DEVICE_FAMILY = "1,2";
				TEST_TARGET_NAME = "TSU-NBA-Picks";
			};
			name = Release;
		};
/* End XCBuildConfiguration section */

/* Begin XCConfigurationList section */
		F22C6C8825CC8D910083017F /* Build configuration list for PBXProject "TSU-NBA-Picks" */ = {
			isa = XCConfigurationList;
			buildConfigurations = (
				F22C6CB025CC8D940083017F /* Debug */,
				F22C6CB125CC8D940083017F /* Release */,
			);
			defaultConfigurationIsVisible = 0;
			defaultConfigurationName = Release;
		};
		F22C6CB225CC8D940083017F /* Build configuration list for PBXNativeTarget "TSU-NBA-Picks" */ = {
			isa = XCConfigurationList;
			buildConfigurations = (
				F22C6CB325CC8D940083017F /* Debug */,
				F22C6CB425CC8D940083017F /* Release */,
			);
			defaultConfigurationIsVisible = 0;
			defaultConfigurationName = Release;
		};
		F22C6CB525CC8D940083017F /* Build configuration list for PBXNativeTarget "TSU-NBA-PicksTests" */ = {
			isa = XCConfigurationList;
			buildConfigurations = (
				F22C6CB625CC8D940083017F /* Debug */,
				F22C6CB725CC8D940083017F /* Release */,
			);
			defaultConfigurationIsVisible = 0;
			defaultConfigurationName = Release;
		};
		F22C6CB825CC8D940083017F /* Build configuration list for PBXNativeTarget "TSU-NBA-PicksUITests" */ = {
			isa = XCConfigurationList;
			buildConfigurations = (
				F22C6CB925CC8D940083017F /* Debug */,
				F22C6CBA25CC8D940083017F /* Release */,
			);
			defaultConfigurationIsVisible = 0;
			defaultConfigurationName = Release;
		};
/* End XCConfigurationList section */
	};
	rootObject = F22C6C8525CC8D910083017F /* Project object */;
}
