// !$*UTF8*$!
{
	archiveVersion = 1;
	classes = {
	};
	objectVersion = 50;
	objects = {

/* Begin PBXBuildFile section */
		F231199B25D33293007F2257 /* AppDelegate.swift in Sources */ = {isa = PBXBuildFile; fileRef = F231199A25D33293007F2257 /* AppDelegate.swift */; };
		F231199D25D33293007F2257 /* ViewController.swift in Sources */ = {isa = PBXBuildFile; fileRef = F231199C25D33293007F2257 /* ViewController.swift */; };
		F231199F25D33297007F2257 /* Assets.xcassets in Resources */ = {isa = PBXBuildFile; fileRef = F231199E25D33297007F2257 /* Assets.xcassets */; };
		F23119A225D33297007F2257 /* Main.storyboard in Resources */ = {isa = PBXBuildFile; fileRef = F23119A025D33297007F2257 /* Main.storyboard */; };
		F23119AE25D33297007F2257 /* test3Tests.swift in Sources */ = {isa = PBXBuildFile; fileRef = F23119AD25D33297007F2257 /* test3Tests.swift */; };
		F23119B925D33297007F2257 /* test3UITests.swift in Sources */ = {isa = PBXBuildFile; fileRef = F23119B825D33297007F2257 /* test3UITests.swift */; };
/* End PBXBuildFile section */

/* Begin PBXContainerItemProxy section */
		F23119AA25D33297007F2257 /* PBXContainerItemProxy */ = {
			isa = PBXContainerItemProxy;
			containerPortal = F231198F25D33293007F2257 /* Project object */;
			proxyType = 1;
			remoteGlobalIDString = F231199625D33293007F2257;
			remoteInfo = test3;
		};
		F23119B525D33297007F2257 /* PBXContainerItemProxy */ = {
			isa = PBXContainerItemProxy;
			containerPortal = F231198F25D33293007F2257 /* Project object */;
			proxyType = 1;
			remoteGlobalIDString = F231199625D33293007F2257;
			remoteInfo = test3;
		};
/* End PBXContainerItemProxy section */

/* Begin PBXFileReference section */
		F231199725D33293007F2257 /* test3.app */ = {isa = PBXFileReference; explicitFileType = wrapper.application; includeInIndex = 0; path = test3.app; sourceTree = BUILT_PRODUCTS_DIR; };
		F231199A25D33293007F2257 /* AppDelegate.swift */ = {isa = PBXFileReference; lastKnownFileType = sourcecode.swift; path = AppDelegate.swift; sourceTree = "<group>"; };
		F231199C25D33293007F2257 /* ViewController.swift */ = {isa = PBXFileReference; lastKnownFileType = sourcecode.swift; path = ViewController.swift; sourceTree = "<group>"; };
		F231199E25D33297007F2257 /* Assets.xcassets */ = {isa = PBXFileReference; lastKnownFileType = folder.assetcatalog; path = Assets.xcassets; sourceTree = "<group>"; };
		F23119A125D33297007F2257 /* Base */ = {isa = PBXFileReference; lastKnownFileType = file.storyboard; name = Base; path = Base.lproj/Main.storyboard; sourceTree = "<group>"; };
		F23119A325D33297007F2257 /* Info.plist */ = {isa = PBXFileReference; lastKnownFileType = text.plist.xml; path = Info.plist; sourceTree = "<group>"; };
		F23119A425D33297007F2257 /* test3.entitlements */ = {isa = PBXFileReference; lastKnownFileType = text.plist.entitlements; path = test3.entitlements; sourceTree = "<group>"; };
		F23119A925D33297007F2257 /* test3Tests.xctest */ = {isa = PBXFileReference; explicitFileType = wrapper.cfbundle; includeInIndex = 0; path = test3Tests.xctest; sourceTree = BUILT_PRODUCTS_DIR; };
		F23119AD25D33297007F2257 /* test3Tests.swift */ = {isa = PBXFileReference; lastKnownFileType = sourcecode.swift; path = test3Tests.swift; sourceTree = "<group>"; };
		F23119AF25D33297007F2257 /* Info.plist */ = {isa = PBXFileReference; lastKnownFileType = text.plist.xml; path = Info.plist; sourceTree = "<group>"; };
		F23119B425D33297007F2257 /* test3UITests.xctest */ = {isa = PBXFileReference; explicitFileType = wrapper.cfbundle; includeInIndex = 0; path = test3UITests.xctest; sourceTree = BUILT_PRODUCTS_DIR; };
		F23119B825D33297007F2257 /* test3UITests.swift */ = {isa = PBXFileReference; lastKnownFileType = sourcecode.swift; path = test3UITests.swift; sourceTree = "<group>"; };
		F23119BA25D33297007F2257 /* Info.plist */ = {isa = PBXFileReference; lastKnownFileType = text.plist.xml; path = Info.plist; sourceTree = "<group>"; };
/* End PBXFileReference section */

/* Begin PBXFrameworksBuildPhase section */
		F231199425D33293007F2257 /* Frameworks */ = {
			isa = PBXFrameworksBuildPhase;
			buildActionMask = 2147483647;
			files = (
			);
			runOnlyForDeploymentPostprocessing = 0;
		};
		F23119A625D33297007F2257 /* Frameworks */ = {
			isa = PBXFrameworksBuildPhase;
			buildActionMask = 2147483647;
			files = (
			);
			runOnlyForDeploymentPostprocessing = 0;
		};
		F23119B125D33297007F2257 /* Frameworks */ = {
			isa = PBXFrameworksBuildPhase;
			buildActionMask = 2147483647;
			files = (
			);
			runOnlyForDeploymentPostprocessing = 0;
		};
/* End PBXFrameworksBuildPhase section */

/* Begin PBXGroup section */
		F231198E25D33293007F2257 = {
			isa = PBXGroup;
			children = (
				F231199925D33293007F2257 /* test3 */,
				F23119AC25D33297007F2257 /* test3Tests */,
				F23119B725D33297007F2257 /* test3UITests */,
				F231199825D33293007F2257 /* Products */,
			);
			sourceTree = "<group>";
		};
		F231199825D33293007F2257 /* Products */ = {
			isa = PBXGroup;
			children = (
				F231199725D33293007F2257 /* test3.app */,
				F23119A925D33297007F2257 /* test3Tests.xctest */,
				F23119B425D33297007F2257 /* test3UITests.xctest */,
			);
			name = Products;
			sourceTree = "<group>";
		};
		F231199925D33293007F2257 /* test3 */ = {
			isa = PBXGroup;
			children = (
				F231199A25D33293007F2257 /* AppDelegate.swift */,
				F231199C25D33293007F2257 /* ViewController.swift */,
				F231199E25D33297007F2257 /* Assets.xcassets */,
				F23119A025D33297007F2257 /* Main.storyboard */,
				F23119A325D33297007F2257 /* Info.plist */,
				F23119A425D33297007F2257 /* test3.entitlements */,
			);
			path = test3;
			sourceTree = "<group>";
		};
		F23119AC25D33297007F2257 /* test3Tests */ = {
			isa = PBXGroup;
			children = (
				F23119AD25D33297007F2257 /* test3Tests.swift */,
				F23119AF25D33297007F2257 /* Info.plist */,
			);
			path = test3Tests;
			sourceTree = "<group>";
		};
		F23119B725D33297007F2257 /* test3UITests */ = {
			isa = PBXGroup;
			children = (
				F23119B825D33297007F2257 /* test3UITests.swift */,
				F23119BA25D33297007F2257 /* Info.plist */,
			);
			path = test3UITests;
			sourceTree = "<group>";
		};
/* End PBXGroup section */

/* Begin PBXNativeTarget section */
		F231199625D33293007F2257 /* test3 */ = {
			isa = PBXNativeTarget;
			buildConfigurationList = F23119BD25D33297007F2257 /* Build configuration list for PBXNativeTarget "test3" */;
			buildPhases = (
				F231199325D33293007F2257 /* Sources */,
				F231199425D33293007F2257 /* Frameworks */,
				F231199525D33293007F2257 /* Resources */,
			);
			buildRules = (
			);
			dependencies = (
			);
			name = test3;
			productName = test3;
			productReference = F231199725D33293007F2257 /* test3.app */;
			productType = "com.apple.product-type.application";
		};
		F23119A825D33297007F2257 /* test3Tests */ = {
			isa = PBXNativeTarget;
			buildConfigurationList = F23119C025D33297007F2257 /* Build configuration list for PBXNativeTarget "test3Tests" */;
			buildPhases = (
				F23119A525D33297007F2257 /* Sources */,
				F23119A625D33297007F2257 /* Frameworks */,
				F23119A725D33297007F2257 /* Resources */,
			);
			buildRules = (
			);
			dependencies = (
				F23119AB25D33297007F2257 /* PBXTargetDependency */,
			);
			name = test3Tests;
			productName = test3Tests;
			productReference = F23119A925D33297007F2257 /* test3Tests.xctest */;
			productType = "com.apple.product-type.bundle.unit-test";
		};
		F23119B325D33297007F2257 /* test3UITests */ = {
			isa = PBXNativeTarget;
			buildConfigurationList = F23119C325D33297007F2257 /* Build configuration list for PBXNativeTarget "test3UITests" */;
			buildPhases = (
				F23119B025D33297007F2257 /* Sources */,
				F23119B125D33297007F2257 /* Frameworks */,
				F23119B225D33297007F2257 /* Resources */,
			);
			buildRules = (
			);
			dependencies = (
				F23119B625D33297007F2257 /* PBXTargetDependency */,
			);
			name = test3UITests;
			productName = test3UITests;
			productReference = F23119B425D33297007F2257 /* test3UITests.xctest */;
			productType = "com.apple.product-type.bundle.ui-testing";
		};
/* End PBXNativeTarget section */

/* Begin PBXProject section */
		F231198F25D33293007F2257 /* Project object */ = {
			isa = PBXProject;
			attributes = {
				LastSwiftUpdateCheck = 1240;
				LastUpgradeCheck = 1240;
				TargetAttributes = {
					F231199625D33293007F2257 = {
						CreatedOnToolsVersion = 12.4;
					};
					F23119A825D33297007F2257 = {
						CreatedOnToolsVersion = 12.4;
						TestTargetID = F231199625D33293007F2257;
					};
					F23119B325D33297007F2257 = {
						CreatedOnToolsVersion = 12.4;
						TestTargetID = F231199625D33293007F2257;
					};
				};
			};
			buildConfigurationList = F231199225D33293007F2257 /* Build configuration list for PBXProject "test3" */;
			compatibilityVersion = "Xcode 9.3";
			developmentRegion = en;
			hasScannedForEncodings = 0;
			knownRegions = (
				en,
				Base,
			);
			mainGroup = F231198E25D33293007F2257;
			productRefGroup = F231199825D33293007F2257 /* Products */;
			projectDirPath = "";
			projectRoot = "";
			targets = (
				F231199625D33293007F2257 /* test3 */,
				F23119A825D33297007F2257 /* test3Tests */,
				F23119B325D33297007F2257 /* test3UITests */,
			);
		};
/* End PBXProject section */

/* Begin PBXResourcesBuildPhase section */
		F231199525D33293007F2257 /* Resources */ = {
			isa = PBXResourcesBuildPhase;
			buildActionMask = 2147483647;
			files = (
				F231199F25D33297007F2257 /* Assets.xcassets in Resources */,
				F23119A225D33297007F2257 /* Main.storyboard in Resources */,
			);
			runOnlyForDeploymentPostprocessing = 0;
		};
		F23119A725D33297007F2257 /* Resources */ = {
			isa = PBXResourcesBuildPhase;
			buildActionMask = 2147483647;
			files = (
			);
			runOnlyForDeploymentPostprocessing = 0;
		};
		F23119B225D33297007F2257 /* Resources */ = {
			isa = PBXResourcesBuildPhase;
			buildActionMask = 2147483647;
			files = (
			);
			runOnlyForDeploymentPostprocessing = 0;
		};
/* End PBXResourcesBuildPhase section */

/* Begin PBXSourcesBuildPhase section */
		F231199325D33293007F2257 /* Sources */ = {
			isa = PBXSourcesBuildPhase;
			buildActionMask = 2147483647;
			files = (
				F231199D25D33293007F2257 /* ViewController.swift in Sources */,
				F231199B25D33293007F2257 /* AppDelegate.swift in Sources */,
			);
			runOnlyForDeploymentPostprocessing = 0;
		};
		F23119A525D33297007F2257 /* Sources */ = {
			isa = PBXSourcesBuildPhase;
			buildActionMask = 2147483647;
			files = (
				F23119AE25D33297007F2257 /* test3Tests.swift in Sources */,
			);
			runOnlyForDeploymentPostprocessing = 0;
		};
		F23119B025D33297007F2257 /* Sources */ = {
			isa = PBXSourcesBuildPhase;
			buildActionMask = 2147483647;
			files = (
				F23119B925D33297007F2257 /* test3UITests.swift in Sources */,
			);
			runOnlyForDeploymentPostprocessing = 0;
		};
/* End PBXSourcesBuildPhase section */

/* Begin PBXTargetDependency section */
		F23119AB25D33297007F2257 /* PBXTargetDependency */ = {
			isa = PBXTargetDependency;
			target = F231199625D33293007F2257 /* test3 */;
			targetProxy = F23119AA25D33297007F2257 /* PBXContainerItemProxy */;
		};
		F23119B625D33297007F2257 /* PBXTargetDependency */ = {
			isa = PBXTargetDependency;
			target = F231199625D33293007F2257 /* test3 */;
			targetProxy = F23119B525D33297007F2257 /* PBXContainerItemProxy */;
		};
/* End PBXTargetDependency section */

/* Begin PBXVariantGroup section */
		F23119A025D33297007F2257 /* Main.storyboard */ = {
			isa = PBXVariantGroup;
			children = (
				F23119A125D33297007F2257 /* Base */,
			);
			name = Main.storyboard;
			sourceTree = "<group>";
		};
/* End PBXVariantGroup section */

/* Begin XCBuildConfiguration section */
		F23119BB25D33297007F2257 /* Debug */ = {
			isa = XCBuildConfiguration;
			buildSettings = {
				ALWAYS_SEARCH_USER_PATHS = NO;
				CLANG_ANALYZER_NONNULL = YES;
				CLANG_ANALYZER_NUMBER_OBJECT_CONVERSION = YES_AGGRESSIVE;
				CLANG_CXX_LANGUAGE_STANDARD = "gnu++14";
				CLANG_CXX_LIBRARY = "libc++";
				CLANG_ENABLE_MODULES = YES;
				CLANG_ENABLE_OBJC_ARC = YES;
				CLANG_ENABLE_OBJC_WEAK = YES;
				CLANG_WARN_BLOCK_CAPTURE_AUTORELEASING = YES;
				CLANG_WARN_BOOL_CONVERSION = YES;
				CLANG_WARN_COMMA = YES;
				CLANG_WARN_CONSTANT_CONVERSION = YES;
				CLANG_WARN_DEPRECATED_OBJC_IMPLEMENTATIONS = YES;
				CLANG_WARN_DIRECT_OBJC_ISA_USAGE = YES_ERROR;
				CLANG_WARN_DOCUMENTATION_COMMENTS = YES;
				CLANG_WARN_EMPTY_BODY = YES;
				CLANG_WARN_ENUM_CONVERSION = YES;
				CLANG_WARN_INFINITE_RECURSION = YES;
				CLANG_WARN_INT_CONVERSION = YES;
				CLANG_WARN_NON_LITERAL_NULL_CONVERSION = YES;
				CLANG_WARN_OBJC_IMPLICIT_RETAIN_SELF = YES;
				CLANG_WARN_OBJC_LITERAL_CONVERSION = YES;
				CLANG_WARN_OBJC_ROOT_CLASS = YES_ERROR;
				CLANG_WARN_QUOTED_INCLUDE_IN_FRAMEWORK_HEADER = YES;
				CLANG_WARN_RANGE_LOOP_ANALYSIS = YES;
				CLANG_WARN_STRICT_PROTOTYPES = YES;
				CLANG_WARN_SUSPICIOUS_MOVE = YES;
				CLANG_WARN_UNGUARDED_AVAILABILITY = YES_AGGRESSIVE;
				CLANG_WARN_UNREACHABLE_CODE = YES;
				CLANG_WARN__DUPLICATE_METHOD_MATCH = YES;
				COPY_PHASE_STRIP = NO;
				DEBUG_INFORMATION_FORMAT = dwarf;
				ENABLE_STRICT_OBJC_MSGSEND = YES;
				ENABLE_TESTABILITY = YES;
				GCC_C_LANGUAGE_STANDARD = gnu11;
				GCC_DYNAMIC_NO_PIC = NO;
				GCC_NO_COMMON_BLOCKS = YES;
				GCC_OPTIMIZATION_LEVEL = 0;
				GCC_PREPROCESSOR_DEFINITIONS = (
					"DEBUG=1",
					"$(inherited)",
				);
				GCC_WARN_64_TO_32_BIT_CONVERSION = YES;
				GCC_WARN_ABOUT_RETURN_TYPE = YES_ERROR;
				GCC_WARN_UNDECLARED_SELECTOR = YES;
				GCC_WARN_UNINITIALIZED_AUTOS = YES_AGGRESSIVE;
				GCC_WARN_UNUSED_FUNCTION = YES;
				GCC_WARN_UNUSED_VARIABLE = YES;
				MACOSX_DEPLOYMENT_TARGET = 11.1;
				MTL_ENABLE_DEBUG_INFO = INCLUDE_SOURCE;
				MTL_FAST_MATH = YES;
				ONLY_ACTIVE_ARCH = YES;
				SDKROOT = macosx;
				SWIFT_ACTIVE_COMPILATION_CONDITIONS = DEBUG;
				SWIFT_OPTIMIZATION_LEVEL = "-Onone";
			};
			name = Debug;
		};
		F23119BC25D33297007F2257 /* Release */ = {
			isa = XCBuildConfiguration;
			buildSettings = {
				ALWAYS_SEARCH_USER_PATHS = NO;
				CLANG_ANALYZER_NONNULL = YES;
				CLANG_ANALYZER_NUMBER_OBJECT_CONVERSION = YES_AGGRESSIVE;
				CLANG_CXX_LANGUAGE_STANDARD = "gnu++14";
				CLANG_CXX_LIBRARY = "libc++";
				CLANG_ENABLE_MODULES = YES;
				CLANG_ENABLE_OBJC_ARC = YES;
				CLANG_ENABLE_OBJC_WEAK = YES;
				CLANG_WARN_BLOCK_CAPTURE_AUTORELEASING = YES;
				CLANG_WARN_BOOL_CONVERSION = YES;
				CLANG_WARN_COMMA = YES;
				CLANG_WARN_CONSTANT_CONVERSION = YES;
				CLANG_WARN_DEPRECATED_OBJC_IMPLEMENTATIONS = YES;
				CLANG_WARN_DIRECT_OBJC_ISA_USAGE = YES_ERROR;
				CLANG_WARN_DOCUMENTATION_COMMENTS = YES;
				CLANG_WARN_EMPTY_BODY = YES;
				CLANG_WARN_ENUM_CONVERSION = YES;
				CLANG_WARN_INFINITE_RECURSION = YES;
				CLANG_WARN_INT_CONVERSION = YES;
				CLANG_WARN_NON_LITERAL_NULL_CONVERSION = YES;
				CLANG_WARN_OBJC_IMPLICIT_RETAIN_SELF = YES;
				CLANG_WARN_OBJC_LITERAL_CONVERSION = YES;
				CLANG_WARN_OBJC_ROOT_CLASS = YES_ERROR;
				CLANG_WARN_QUOTED_INCLUDE_IN_FRAMEWORK_HEADER = YES;
				CLANG_WARN_RANGE_LOOP_ANALYSIS = YES;
				CLANG_WARN_STRICT_PROTOTYPES = YES;
				CLANG_WARN_SUSPICIOUS_MOVE = YES;
				CLANG_WARN_UNGUARDED_AVAILABILITY = YES_AGGRESSIVE;
				CLANG_WARN_UNREACHABLE_CODE = YES;
				CLANG_WARN__DUPLICATE_METHOD_MATCH = YES;
				COPY_PHASE_STRIP = NO;
				DEBUG_INFORMATION_FORMAT = "dwarf-with-dsym";
				ENABLE_NS_ASSERTIONS = NO;
				ENABLE_STRICT_OBJC_MSGSEND = YES;
				GCC_C_LANGUAGE_STANDARD = gnu11;
				GCC_NO_COMMON_BLOCKS = YES;
				GCC_WARN_64_TO_32_BIT_CONVERSION = YES;
				GCC_WARN_ABOUT_RETURN_TYPE = YES_ERROR;
				GCC_WARN_UNDECLARED_SELECTOR = YES;
				GCC_WARN_UNINITIALIZED_AUTOS = YES_AGGRESSIVE;
				GCC_WARN_UNUSED_FUNCTION = YES;
				GCC_WARN_UNUSED_VARIABLE = YES;
				MACOSX_DEPLOYMENT_TARGET = 11.1;
				MTL_ENABLE_DEBUG_INFO = NO;
				MTL_FAST_MATH = YES;
				SDKROOT = macosx;
				SWIFT_COMPILATION_MODE = wholemodule;
				SWIFT_OPTIMIZATION_LEVEL = "-O";
			};
			name = Release;
		};
		F23119BE25D33297007F2257 /* Debug */ = {
			isa = XCBuildConfiguration;
			buildSettings = {
				ASSETCATALOG_COMPILER_APPICON_NAME = AppIcon;
				ASSETCATALOG_COMPILER_GLOBAL_ACCENT_COLOR_NAME = AccentColor;
				CODE_SIGN_ENTITLEMENTS = test3/test3.entitlements;
				CODE_SIGN_STYLE = Automatic;
				COMBINE_HIDPI_IMAGES = YES;
				DEVELOPMENT_TEAM = P5VFH67A9C;
				ENABLE_HARDENED_RUNTIME = YES;
				INFOPLIST_FILE = test3/Info.plist;
				LD_RUNPATH_SEARCH_PATHS = (
					"$(inherited)",
					"@executable_path/../Frameworks",
				);
				PRODUCT_BUNDLE_IDENTIFIER = zsavery.test3;
				PRODUCT_NAME = "$(TARGET_NAME)";
				SWIFT_VERSION = 5.0;
			};
			name = Debug;
		};
		F23119BF25D33297007F2257 /* Release */ = {
			isa = XCBuildConfiguration;
			buildSettings = {
				ASSETCATALOG_COMPILER_APPICON_NAME = AppIcon;
				ASSETCATALOG_COMPILER_GLOBAL_ACCENT_COLOR_NAME = AccentColor;
				CODE_SIGN_ENTITLEMENTS = test3/test3.entitlements;
				CODE_SIGN_STYLE = Automatic;
				COMBINE_HIDPI_IMAGES = YES;
				DEVELOPMENT_TEAM = P5VFH67A9C;
				ENABLE_HARDENED_RUNTIME = YES;
				INFOPLIST_FILE = test3/Info.plist;
				LD_RUNPATH_SEARCH_PATHS = (
					"$(inherited)",
					"@executable_path/../Frameworks",
				);
				PRODUCT_BUNDLE_IDENTIFIER = zsavery.test3;
				PRODUCT_NAME = "$(TARGET_NAME)";
				SWIFT_VERSION = 5.0;
			};
			name = Release;
		};
		F23119C125D33297007F2257 /* Debug */ = {
			isa = XCBuildConfiguration;
			buildSettings = {
				ALWAYS_EMBED_SWIFT_STANDARD_LIBRARIES = YES;
				BUNDLE_LOADER = "$(TEST_HOST)";
				CODE_SIGN_STYLE = Automatic;
				COMBINE_HIDPI_IMAGES = YES;
				DEVELOPMENT_TEAM = P5VFH67A9C;
				INFOPLIST_FILE = test3Tests/Info.plist;
				LD_RUNPATH_SEARCH_PATHS = (
					"$(inherited)",
					"@executable_path/../Frameworks",
					"@loader_path/../Frameworks",
				);
				MACOSX_DEPLOYMENT_TARGET = 11.1;
				PRODUCT_BUNDLE_IDENTIFIER = zsavery.test3Tests;
				PRODUCT_NAME = "$(TARGET_NAME)";
				SWIFT_VERSION = 5.0;
				TEST_HOST = "$(BUILT_PRODUCTS_DIR)/test3.app/Contents/MacOS/test3";
			};
			name = Debug;
		};
		F23119C225D33297007F2257 /* Release */ = {
			isa = XCBuildConfiguration;
			buildSettings = {
				ALWAYS_EMBED_SWIFT_STANDARD_LIBRARIES = YES;
				BUNDLE_LOADER = "$(TEST_HOST)";
				CODE_SIGN_STYLE = Automatic;
				COMBINE_HIDPI_IMAGES = YES;
				DEVELOPMENT_TEAM = P5VFH67A9C;
				INFOPLIST_FILE = test3Tests/Info.plist;
				LD_RUNPATH_SEARCH_PATHS = (
					"$(inherited)",
					"@executable_path/../Frameworks",
					"@loader_path/../Frameworks",
				);
				MACOSX_DEPLOYMENT_TARGET = 11.1;
				PRODUCT_BUNDLE_IDENTIFIER = zsavery.test3Tests;
				PRODUCT_NAME = "$(TARGET_NAME)";
				SWIFT_VERSION = 5.0;
				TEST_HOST = "$(BUILT_PRODUCTS_DIR)/test3.app/Contents/MacOS/test3";
			};
			name = Release;
		};
		F23119C425D33297007F2257 /* Debug */ = {
			isa = XCBuildConfiguration;
			buildSettings = {
				ALWAYS_EMBED_SWIFT_STANDARD_LIBRARIES = YES;
				CODE_SIGN_STYLE = Automatic;
				COMBINE_HIDPI_IMAGES = YES;
				DEVELOPMENT_TEAM = P5VFH67A9C;
				INFOPLIST_FILE = test3UITests/Info.plist;
				LD_RUNPATH_SEARCH_PATHS = (
					"$(inherited)",
					"@executable_path/../Frameworks",
					"@loader_path/../Frameworks",
				);
				PRODUCT_BUNDLE_IDENTIFIER = zsavery.test3UITests;
				PRODUCT_NAME = "$(TARGET_NAME)";
				SWIFT_VERSION = 5.0;
				TEST_TARGET_NAME = test3;
			};
			name = Debug;
		};
		F23119C525D33297007F2257 /* Release */ = {
			isa = XCBuildConfiguration;
			buildSettings = {
				ALWAYS_EMBED_SWIFT_STANDARD_LIBRARIES = YES;
				CODE_SIGN_STYLE = Automatic;
				COMBINE_HIDPI_IMAGES = YES;
				DEVELOPMENT_TEAM = P5VFH67A9C;
				INFOPLIST_FILE = test3UITests/Info.plist;
				LD_RUNPATH_SEARCH_PATHS = (
					"$(inherited)",
					"@executable_path/../Frameworks",
					"@loader_path/../Frameworks",
				);
				PRODUCT_BUNDLE_IDENTIFIER = zsavery.test3UITests;
				PRODUCT_NAME = "$(TARGET_NAME)";
				SWIFT_VERSION = 5.0;
				TEST_TARGET_NAME = test3;
			};
			name = Release;
		};
/* End XCBuildConfiguration section */

/* Begin XCConfigurationList section */
		F231199225D33293007F2257 /* Build configuration list for PBXProject "test3" */ = {
			isa = XCConfigurationList;
			buildConfigurations = (
				F23119BB25D33297007F2257 /* Debug */,
				F23119BC25D33297007F2257 /* Release */,
			);
			defaultConfigurationIsVisible = 0;
			defaultConfigurationName = Release;
		};
		F23119BD25D33297007F2257 /* Build configuration list for PBXNativeTarget "test3" */ = {
			isa = XCConfigurationList;
			buildConfigurations = (
				F23119BE25D33297007F2257 /* Debug */,
				F23119BF25D33297007F2257 /* Release */,
			);
			defaultConfigurationIsVisible = 0;
			defaultConfigurationName = Release;
		};
		F23119C025D33297007F2257 /* Build configuration list for PBXNativeTarget "test3Tests" */ = {
			isa = XCConfigurationList;
			buildConfigurations = (
				F23119C125D33297007F2257 /* Debug */,
				F23119C225D33297007F2257 /* Release */,
			);
			defaultConfigurationIsVisible = 0;
			defaultConfigurationName = Release;
		};
		F23119C325D33297007F2257 /* Build configuration list for PBXNativeTarget "test3UITests" */ = {
			isa = XCConfigurationList;
			buildConfigurations = (
				F23119C425D33297007F2257 /* Debug */,
				F23119C525D33297007F2257 /* Release */,
			);
			defaultConfigurationIsVisible = 0;
			defaultConfigurationName = Release;
		};
/* End XCConfigurationList section */
	};
	rootObject = F231198F25D33293007F2257 /* Project object */;
}
