// !$*UTF8*$!
{
	archiveVersion = 1;
	classes = {
	};
	objectVersion = 50;
	objects = {

/* Begin PBXBuildFile section */
		F23CD57E25CF03EC009AC119 /* AppDelegate.swift in Sources */ = {isa = PBXBuildFile; fileRef = F23CD57D25CF03EC009AC119 /* AppDelegate.swift */; };
		F23CD58025CF03EC009AC119 /* SceneDelegate.swift in Sources */ = {isa = PBXBuildFile; fileRef = F23CD57F25CF03EC009AC119 /* SceneDelegate.swift */; };
		F23CD58225CF03EC009AC119 /* ViewController.swift in Sources */ = {isa = PBXBuildFile; fileRef = F23CD58125CF03EC009AC119 /* ViewController.swift */; };
		F23CD58525CF03EC009AC119 /* Main.storyboard in Resources */ = {isa = PBXBuildFile; fileRef = F23CD58325CF03EC009AC119 /* Main.storyboard */; };
		F23CD58725CF03F6009AC119 /* Assets.xcassets in Resources */ = {isa = PBXBuildFile; fileRef = F23CD58625CF03F6009AC119 /* Assets.xcassets */; };
		F23CD58A25CF03F6009AC119 /* LaunchScreen.storyboard in Resources */ = {isa = PBXBuildFile; fileRef = F23CD58825CF03F6009AC119 /* LaunchScreen.storyboard */; };
		F23CD59525CF03F7009AC119 /* Test2Tests.swift in Sources */ = {isa = PBXBuildFile; fileRef = F23CD59425CF03F7009AC119 /* Test2Tests.swift */; };
		F23CD5A025CF03F7009AC119 /* Test2UITests.swift in Sources */ = {isa = PBXBuildFile; fileRef = F23CD59F25CF03F7009AC119 /* Test2UITests.swift */; };
/* End PBXBuildFile section */

/* Begin PBXContainerItemProxy section */
		F23CD59125CF03F7009AC119 /* PBXContainerItemProxy */ = {
			isa = PBXContainerItemProxy;
			containerPortal = F23CD57225CF03EC009AC119 /* Project object */;
			proxyType = 1;
			remoteGlobalIDString = F23CD57925CF03EC009AC119;
			remoteInfo = Test2;
		};
		F23CD59C25CF03F7009AC119 /* PBXContainerItemProxy */ = {
			isa = PBXContainerItemProxy;
			containerPortal = F23CD57225CF03EC009AC119 /* Project object */;
			proxyType = 1;
			remoteGlobalIDString = F23CD57925CF03EC009AC119;
			remoteInfo = Test2;
		};
/* End PBXContainerItemProxy section */

/* Begin PBXFileReference section */
		F23CD57A25CF03EC009AC119 /* Test2.app */ = {isa = PBXFileReference; explicitFileType = wrapper.application; includeInIndex = 0; path = Test2.app; sourceTree = BUILT_PRODUCTS_DIR; };
		F23CD57D25CF03EC009AC119 /* AppDelegate.swift */ = {isa = PBXFileReference; lastKnownFileType = sourcecode.swift; path = AppDelegate.swift; sourceTree = "<group>"; };
		F23CD57F25CF03EC009AC119 /* SceneDelegate.swift */ = {isa = PBXFileReference; lastKnownFileType = sourcecode.swift; path = SceneDelegate.swift; sourceTree = "<group>"; };
		F23CD58125CF03EC009AC119 /* ViewController.swift */ = {isa = PBXFileReference; lastKnownFileType = sourcecode.swift; path = ViewController.swift; sourceTree = "<group>"; };
		F23CD58425CF03EC009AC119 /* Base */ = {isa = PBXFileReference; lastKnownFileType = file.storyboard; name = Base; path = Base.lproj/Main.storyboard; sourceTree = "<group>"; };
		F23CD58625CF03F6009AC119 /* Assets.xcassets */ = {isa = PBXFileReference; lastKnownFileType = folder.assetcatalog; path = Assets.xcassets; sourceTree = "<group>"; };
		F23CD58925CF03F6009AC119 /* Base */ = {isa = PBXFileReference; lastKnownFileType = file.storyboard; name = Base; path = Base.lproj/LaunchScreen.storyboard; sourceTree = "<group>"; };
		F23CD58B25CF03F6009AC119 /* Info.plist */ = {isa = PBXFileReference; lastKnownFileType = text.plist.xml; path = Info.plist; sourceTree = "<group>"; };
		F23CD59025CF03F7009AC119 /* Test2Tests.xctest */ = {isa = PBXFileReference; explicitFileType = wrapper.cfbundle; includeInIndex = 0; path = Test2Tests.xctest; sourceTree = BUILT_PRODUCTS_DIR; };
		F23CD59425CF03F7009AC119 /* Test2Tests.swift */ = {isa = PBXFileReference; lastKnownFileType = sourcecode.swift; path = Test2Tests.swift; sourceTree = "<group>"; };
		F23CD59625CF03F7009AC119 /* Info.plist */ = {isa = PBXFileReference; lastKnownFileType = text.plist.xml; path = Info.plist; sourceTree = "<group>"; };
		F23CD59B25CF03F7009AC119 /* Test2UITests.xctest */ = {isa = PBXFileReference; explicitFileType = wrapper.cfbundle; includeInIndex = 0; path = Test2UITests.xctest; sourceTree = BUILT_PRODUCTS_DIR; };
		F23CD59F25CF03F7009AC119 /* Test2UITests.swift */ = {isa = PBXFileReference; lastKnownFileType = sourcecode.swift; path = Test2UITests.swift; sourceTree = "<group>"; };
		F23CD5A125CF03F7009AC119 /* Info.plist */ = {isa = PBXFileReference; lastKnownFileType = text.plist.xml; path = Info.plist; sourceTree = "<group>"; };
/* End PBXFileReference section */

/* Begin PBXFrameworksBuildPhase section */
		F23CD57725CF03EC009AC119 /* Frameworks */ = {
			isa = PBXFrameworksBuildPhase;
			buildActionMask = 2147483647;
			files = (
			);
			runOnlyForDeploymentPostprocessing = 0;
		};
		F23CD58D25CF03F7009AC119 /* Frameworks */ = {
			isa = PBXFrameworksBuildPhase;
			buildActionMask = 2147483647;
			files = (
			);
			runOnlyForDeploymentPostprocessing = 0;
		};
		F23CD59825CF03F7009AC119 /* Frameworks */ = {
			isa = PBXFrameworksBuildPhase;
			buildActionMask = 2147483647;
			files = (
			);
			runOnlyForDeploymentPostprocessing = 0;
		};
/* End PBXFrameworksBuildPhase section */

/* Begin PBXGroup section */
		F23CD57125CF03EC009AC119 = {
			isa = PBXGroup;
			children = (
				F23CD57C25CF03EC009AC119 /* Test2 */,
				F23CD59325CF03F7009AC119 /* Test2Tests */,
				F23CD59E25CF03F7009AC119 /* Test2UITests */,
				F23CD57B25CF03EC009AC119 /* Products */,
			);
			sourceTree = "<group>";
		};
		F23CD57B25CF03EC009AC119 /* Products */ = {
			isa = PBXGroup;
			children = (
				F23CD57A25CF03EC009AC119 /* Test2.app */,
				F23CD59025CF03F7009AC119 /* Test2Tests.xctest */,
				F23CD59B25CF03F7009AC119 /* Test2UITests.xctest */,
			);
			name = Products;
			sourceTree = "<group>";
		};
		F23CD57C25CF03EC009AC119 /* Test2 */ = {
			isa = PBXGroup;
			children = (
				F23CD57D25CF03EC009AC119 /* AppDelegate.swift */,
				F23CD57F25CF03EC009AC119 /* SceneDelegate.swift */,
				F23CD58125CF03EC009AC119 /* ViewController.swift */,
				F23CD58325CF03EC009AC119 /* Main.storyboard */,
				F23CD58625CF03F6009AC119 /* Assets.xcassets */,
				F23CD58825CF03F6009AC119 /* LaunchScreen.storyboard */,
				F23CD58B25CF03F6009AC119 /* Info.plist */,
			);
			path = Test2;
			sourceTree = "<group>";
		};
		F23CD59325CF03F7009AC119 /* Test2Tests */ = {
			isa = PBXGroup;
			children = (
				F23CD59425CF03F7009AC119 /* Test2Tests.swift */,
				F23CD59625CF03F7009AC119 /* Info.plist */,
			);
			path = Test2Tests;
			sourceTree = "<group>";
		};
		F23CD59E25CF03F7009AC119 /* Test2UITests */ = {
			isa = PBXGroup;
			children = (
				F23CD59F25CF03F7009AC119 /* Test2UITests.swift */,
				F23CD5A125CF03F7009AC119 /* Info.plist */,
			);
			path = Test2UITests;
			sourceTree = "<group>";
		};
/* End PBXGroup section */

/* Begin PBXNativeTarget section */
		F23CD57925CF03EC009AC119 /* Test2 */ = {
			isa = PBXNativeTarget;
			buildConfigurationList = F23CD5A425CF03F7009AC119 /* Build configuration list for PBXNativeTarget "Test2" */;
			buildPhases = (
				F23CD57625CF03EC009AC119 /* Sources */,
				F23CD57725CF03EC009AC119 /* Frameworks */,
				F23CD57825CF03EC009AC119 /* Resources */,
			);
			buildRules = (
			);
			dependencies = (
			);
			name = Test2;
			productName = Test2;
			productReference = F23CD57A25CF03EC009AC119 /* Test2.app */;
			productType = "com.apple.product-type.application";
		};
		F23CD58F25CF03F7009AC119 /* Test2Tests */ = {
			isa = PBXNativeTarget;
			buildConfigurationList = F23CD5A725CF03F7009AC119 /* Build configuration list for PBXNativeTarget "Test2Tests" */;
			buildPhases = (
				F23CD58C25CF03F7009AC119 /* Sources */,
				F23CD58D25CF03F7009AC119 /* Frameworks */,
				F23CD58E25CF03F7009AC119 /* Resources */,
			);
			buildRules = (
			);
			dependencies = (
				F23CD59225CF03F7009AC119 /* PBXTargetDependency */,
			);
			name = Test2Tests;
			productName = Test2Tests;
			productReference = F23CD59025CF03F7009AC119 /* Test2Tests.xctest */;
			productType = "com.apple.product-type.bundle.unit-test";
		};
		F23CD59A25CF03F7009AC119 /* Test2UITests */ = {
			isa = PBXNativeTarget;
			buildConfigurationList = F23CD5AA25CF03F7009AC119 /* Build configuration list for PBXNativeTarget "Test2UITests" */;
			buildPhases = (
				F23CD59725CF03F7009AC119 /* Sources */,
				F23CD59825CF03F7009AC119 /* Frameworks */,
				F23CD59925CF03F7009AC119 /* Resources */,
			);
			buildRules = (
			);
			dependencies = (
				F23CD59D25CF03F7009AC119 /* PBXTargetDependency */,
			);
			name = Test2UITests;
			productName = Test2UITests;
			productReference = F23CD59B25CF03F7009AC119 /* Test2UITests.xctest */;
			productType = "com.apple.product-type.bundle.ui-testing";
		};
/* End PBXNativeTarget section */

/* Begin PBXProject section */
		F23CD57225CF03EC009AC119 /* Project object */ = {
			isa = PBXProject;
			attributes = {
				LastSwiftUpdateCheck = 1240;
				LastUpgradeCheck = 1240;
				TargetAttributes = {
					F23CD57925CF03EC009AC119 = {
						CreatedOnToolsVersion = 12.4;
					};
					F23CD58F25CF03F7009AC119 = {
						CreatedOnToolsVersion = 12.4;
						TestTargetID = F23CD57925CF03EC009AC119;
					};
					F23CD59A25CF03F7009AC119 = {
						CreatedOnToolsVersion = 12.4;
						TestTargetID = F23CD57925CF03EC009AC119;
					};
				};
			};
			buildConfigurationList = F23CD57525CF03EC009AC119 /* Build configuration list for PBXProject "Test2" */;
			compatibilityVersion = "Xcode 9.3";
			developmentRegion = en;
			hasScannedForEncodings = 0;
			knownRegions = (
				en,
				Base,
			);
			mainGroup = F23CD57125CF03EC009AC119;
			productRefGroup = F23CD57B25CF03EC009AC119 /* Products */;
			projectDirPath = "";
			projectRoot = "";
			targets = (
				F23CD57925CF03EC009AC119 /* Test2 */,
				F23CD58F25CF03F7009AC119 /* Test2Tests */,
				F23CD59A25CF03F7009AC119 /* Test2UITests */,
			);
		};
/* End PBXProject section */

/* Begin PBXResourcesBuildPhase section */
		F23CD57825CF03EC009AC119 /* Resources */ = {
			isa = PBXResourcesBuildPhase;
			buildActionMask = 2147483647;
			files = (
				F23CD58A25CF03F6009AC119 /* LaunchScreen.storyboard in Resources */,
				F23CD58725CF03F6009AC119 /* Assets.xcassets in Resources */,
				F23CD58525CF03EC009AC119 /* Main.storyboard in Resources */,
			);
			runOnlyForDeploymentPostprocessing = 0;
		};
		F23CD58E25CF03F7009AC119 /* Resources */ = {
			isa = PBXResourcesBuildPhase;
			buildActionMask = 2147483647;
			files = (
			);
			runOnlyForDeploymentPostprocessing = 0;
		};
		F23CD59925CF03F7009AC119 /* Resources */ = {
			isa = PBXResourcesBuildPhase;
			buildActionMask = 2147483647;
			files = (
			);
			runOnlyForDeploymentPostprocessing = 0;
		};
/* End PBXResourcesBuildPhase section */

/* Begin PBXSourcesBuildPhase section */
		F23CD57625CF03EC009AC119 /* Sources */ = {
			isa = PBXSourcesBuildPhase;
			buildActionMask = 2147483647;
			files = (
				F23CD58225CF03EC009AC119 /* ViewController.swift in Sources */,
				F23CD57E25CF03EC009AC119 /* AppDelegate.swift in Sources */,
				F23CD58025CF03EC009AC119 /* SceneDelegate.swift in Sources */,
			);
			runOnlyForDeploymentPostprocessing = 0;
		};
		F23CD58C25CF03F7009AC119 /* Sources */ = {
			isa = PBXSourcesBuildPhase;
			buildActionMask = 2147483647;
			files = (
				F23CD59525CF03F7009AC119 /* Test2Tests.swift in Sources */,
			);
			runOnlyForDeploymentPostprocessing = 0;
		};
		F23CD59725CF03F7009AC119 /* Sources */ = {
			isa = PBXSourcesBuildPhase;
			buildActionMask = 2147483647;
			files = (
				F23CD5A025CF03F7009AC119 /* Test2UITests.swift in Sources */,
			);
			runOnlyForDeploymentPostprocessing = 0;
		};
/* End PBXSourcesBuildPhase section */

/* Begin PBXTargetDependency section */
		F23CD59225CF03F7009AC119 /* PBXTargetDependency */ = {
			isa = PBXTargetDependency;
			target = F23CD57925CF03EC009AC119 /* Test2 */;
			targetProxy = F23CD59125CF03F7009AC119 /* PBXContainerItemProxy */;
		};
		F23CD59D25CF03F7009AC119 /* PBXTargetDependency */ = {
			isa = PBXTargetDependency;
			target = F23CD57925CF03EC009AC119 /* Test2 */;
			targetProxy = F23CD59C25CF03F7009AC119 /* PBXContainerItemProxy */;
		};
/* End PBXTargetDependency section */

/* Begin PBXVariantGroup section */
		F23CD58325CF03EC009AC119 /* Main.storyboard */ = {
			isa = PBXVariantGroup;
			children = (
				F23CD58425CF03EC009AC119 /* Base */,
			);
			name = Main.storyboard;
			sourceTree = "<group>";
		};
		F23CD58825CF03F6009AC119 /* LaunchScreen.storyboard */ = {
			isa = PBXVariantGroup;
			children = (
				F23CD58925CF03F6009AC119 /* Base */,
			);
			name = LaunchScreen.storyboard;
			sourceTree = "<group>";
		};
/* End PBXVariantGroup section */

/* Begin XCBuildConfiguration section */
		F23CD5A225CF03F7009AC119 /* Debug */ = {
			isa = XCBuildConfiguration;
			buildSettings = {
				ALWAYS_SEARCH_USER_PATHS = NO;
				CLANG_ANALYZER_NONNULL = YES;
				CLANG_ANALYZER_NUMBER_OBJECT_CONVERSION = YES_AGGRESSIVE;
				CLANG_CXX_LANGUAGE_STANDARD = "gnu++14";
				CLANG_CXX_LIBRARY = "libc++";
				CLANG_ENABLE_MODULES = YES;
				CLANG_ENABLE_OBJC_ARC = YES;
				CLANG_ENABLE_OBJC_WEAK = YES;
				CLANG_WARN_BLOCK_CAPTURE_AUTORELEASING = YES;
				CLANG_WARN_BOOL_CONVERSION = YES;
				CLANG_WARN_COMMA = YES;
				CLANG_WARN_CONSTANT_CONVERSION = YES;
				CLANG_WARN_DEPRECATED_OBJC_IMPLEMENTATIONS = YES;
				CLANG_WARN_DIRECT_OBJC_ISA_USAGE = YES_ERROR;
				CLANG_WARN_DOCUMENTATION_COMMENTS = YES;
				CLANG_WARN_EMPTY_BODY = YES;
				CLANG_WARN_ENUM_CONVERSION = YES;
				CLANG_WARN_INFINITE_RECURSION = YES;
				CLANG_WARN_INT_CONVERSION = YES;
				CLANG_WARN_NON_LITERAL_NULL_CONVERSION = YES;
				CLANG_WARN_OBJC_IMPLICIT_RETAIN_SELF = YES;
				CLANG_WARN_OBJC_LITERAL_CONVERSION = YES;
				CLANG_WARN_OBJC_ROOT_CLASS = YES_ERROR;
				CLANG_WARN_QUOTED_INCLUDE_IN_FRAMEWORK_HEADER = YES;
				CLANG_WARN_RANGE_LOOP_ANALYSIS = YES;
				CLANG_WARN_STRICT_PROTOTYPES = YES;
				CLANG_WARN_SUSPICIOUS_MOVE = YES;
				CLANG_WARN_UNGUARDED_AVAILABILITY = YES_AGGRESSIVE;
				CLANG_WARN_UNREACHABLE_CODE = YES;
				CLANG_WARN__DUPLICATE_METHOD_MATCH = YES;
				COPY_PHASE_STRIP = NO;
				DEBUG_INFORMATION_FORMAT = dwarf;
				ENABLE_STRICT_OBJC_MSGSEND = YES;
				ENABLE_TESTABILITY = YES;
				GCC_C_LANGUAGE_STANDARD = gnu11;
				GCC_DYNAMIC_NO_PIC = NO;
				GCC_NO_COMMON_BLOCKS = YES;
				GCC_OPTIMIZATION_LEVEL = 0;
				GCC_PREPROCESSOR_DEFINITIONS = (
					"DEBUG=1",
					"$(inherited)",
				);
				GCC_WARN_64_TO_32_BIT_CONVERSION = YES;
				GCC_WARN_ABOUT_RETURN_TYPE = YES_ERROR;
				GCC_WARN_UNDECLARED_SELECTOR = YES;
				GCC_WARN_UNINITIALIZED_AUTOS = YES_AGGRESSIVE;
				GCC_WARN_UNUSED_FUNCTION = YES;
				GCC_WARN_UNUSED_VARIABLE = YES;
				IPHONEOS_DEPLOYMENT_TARGET = 14.4;
				MTL_ENABLE_DEBUG_INFO = INCLUDE_SOURCE;
				MTL_FAST_MATH = YES;
				ONLY_ACTIVE_ARCH = YES;
				SDKROOT = iphoneos;
				SWIFT_ACTIVE_COMPILATION_CONDITIONS = DEBUG;
				SWIFT_OPTIMIZATION_LEVEL = "-Onone";
			};
			name = Debug;
		};
		F23CD5A325CF03F7009AC119 /* Release */ = {
			isa = XCBuildConfiguration;
			buildSettings = {
				ALWAYS_SEARCH_USER_PATHS = NO;
				CLANG_ANALYZER_NONNULL = YES;
				CLANG_ANALYZER_NUMBER_OBJECT_CONVERSION = YES_AGGRESSIVE;
				CLANG_CXX_LANGUAGE_STANDARD = "gnu++14";
				CLANG_CXX_LIBRARY = "libc++";
				CLANG_ENABLE_MODULES = YES;
				CLANG_ENABLE_OBJC_ARC = YES;
				CLANG_ENABLE_OBJC_WEAK = YES;
				CLANG_WARN_BLOCK_CAPTURE_AUTORELEASING = YES;
				CLANG_WARN_BOOL_CONVERSION = YES;
				CLANG_WARN_COMMA = YES;
				CLANG_WARN_CONSTANT_CONVERSION = YES;
				CLANG_WARN_DEPRECATED_OBJC_IMPLEMENTATIONS = YES;
				CLANG_WARN_DIRECT_OBJC_ISA_USAGE = YES_ERROR;
				CLANG_WARN_DOCUMENTATION_COMMENTS = YES;
				CLANG_WARN_EMPTY_BODY = YES;
				CLANG_WARN_ENUM_CONVERSION = YES;
				CLANG_WARN_INFINITE_RECURSION = YES;
				CLANG_WARN_INT_CONVERSION = YES;
				CLANG_WARN_NON_LITERAL_NULL_CONVERSION = YES;
				CLANG_WARN_OBJC_IMPLICIT_RETAIN_SELF = YES;
				CLANG_WARN_OBJC_LITERAL_CONVERSION = YES;
				CLANG_WARN_OBJC_ROOT_CLASS = YES_ERROR;
				CLANG_WARN_QUOTED_INCLUDE_IN_FRAMEWORK_HEADER = YES;
				CLANG_WARN_RANGE_LOOP_ANALYSIS = YES;
				CLANG_WARN_STRICT_PROTOTYPES = YES;
				CLANG_WARN_SUSPICIOUS_MOVE = YES;
				CLANG_WARN_UNGUARDED_AVAILABILITY = YES_AGGRESSIVE;
				CLANG_WARN_UNREACHABLE_CODE = YES;
				CLANG_WARN__DUPLICATE_METHOD_MATCH = YES;
				COPY_PHASE_STRIP = NO;
				DEBUG_INFORMATION_FORMAT = "dwarf-with-dsym";
				ENABLE_NS_ASSERTIONS = NO;
				ENABLE_STRICT_OBJC_MSGSEND = YES;
				GCC_C_LANGUAGE_STANDARD = gnu11;
				GCC_NO_COMMON_BLOCKS = YES;
				GCC_WARN_64_TO_32_BIT_CONVERSION = YES;
				GCC_WARN_ABOUT_RETURN_TYPE = YES_ERROR;
				GCC_WARN_UNDECLARED_SELECTOR = YES;
				GCC_WARN_UNINITIALIZED_AUTOS = YES_AGGRESSIVE;
				GCC_WARN_UNUSED_FUNCTION = YES;
				GCC_WARN_UNUSED_VARIABLE = YES;
				IPHONEOS_DEPLOYMENT_TARGET = 14.4;
				MTL_ENABLE_DEBUG_INFO = NO;
				MTL_FAST_MATH = YES;
				SDKROOT = iphoneos;
				SWIFT_COMPILATION_MODE = wholemodule;
				SWIFT_OPTIMIZATION_LEVEL = "-O";
				VALIDATE_PRODUCT = YES;
			};
			name = Release;
		};
		F23CD5A525CF03F7009AC119 /* Debug */ = {
			isa = XCBuildConfiguration;
			buildSettings = {
				ASSETCATALOG_COMPILER_APPICON_NAME = AppIcon;
				ASSETCATALOG_COMPILER_GLOBAL_ACCENT_COLOR_NAME = AccentColor;
				CODE_SIGN_STYLE = Automatic;
				DEVELOPMENT_TEAM = P5VFH67A9C;
				INFOPLIST_FILE = Test2/Info.plist;
				LD_RUNPATH_SEARCH_PATHS = (
					"$(inherited)",
					"@executable_path/Frameworks",
				);
				PRODUCT_BUNDLE_IDENTIFIER = "Group2-CS499.Test2";
				PRODUCT_NAME = "$(TARGET_NAME)";
				SWIFT_VERSION = 5.0;
				TARGETED_DEVICE_FAMILY = "1,2";
			};
			name = Debug;
		};
		F23CD5A625CF03F7009AC119 /* Release */ = {
			isa = XCBuildConfiguration;
			buildSettings = {
				ASSETCATALOG_COMPILER_APPICON_NAME = AppIcon;
				ASSETCATALOG_COMPILER_GLOBAL_ACCENT_COLOR_NAME = AccentColor;
				CODE_SIGN_STYLE = Automatic;
				DEVELOPMENT_TEAM = P5VFH67A9C;
				INFOPLIST_FILE = Test2/Info.plist;
				LD_RUNPATH_SEARCH_PATHS = (
					"$(inherited)",
					"@executable_path/Frameworks",
				);
				PRODUCT_BUNDLE_IDENTIFIER = "Group2-CS499.Test2";
				PRODUCT_NAME = "$(TARGET_NAME)";
				SWIFT_VERSION = 5.0;
				TARGETED_DEVICE_FAMILY = "1,2";
			};
			name = Release;
		};
		F23CD5A825CF03F7009AC119 /* Debug */ = {
			isa = XCBuildConfiguration;
			buildSettings = {
				ALWAYS_EMBED_SWIFT_STANDARD_LIBRARIES = YES;
				BUNDLE_LOADER = "$(TEST_HOST)";
				CODE_SIGN_STYLE = Automatic;
				DEVELOPMENT_TEAM = P5VFH67A9C;
				INFOPLIST_FILE = Test2Tests/Info.plist;
				IPHONEOS_DEPLOYMENT_TARGET = 14.4;
				LD_RUNPATH_SEARCH_PATHS = (
					"$(inherited)",
					"@executable_path/Frameworks",
					"@loader_path/Frameworks",
				);
				PRODUCT_BUNDLE_IDENTIFIER = "Group2-CS499.Test2Tests";
				PRODUCT_NAME = "$(TARGET_NAME)";
				SWIFT_VERSION = 5.0;
				TARGETED_DEVICE_FAMILY = "1,2";
				TEST_HOST = "$(BUILT_PRODUCTS_DIR)/Test2.app/Test2";
			};
			name = Debug;
		};
		F23CD5A925CF03F7009AC119 /* Release */ = {
			isa = XCBuildConfiguration;
			buildSettings = {
				ALWAYS_EMBED_SWIFT_STANDARD_LIBRARIES = YES;
				BUNDLE_LOADER = "$(TEST_HOST)";
				CODE_SIGN_STYLE = Automatic;
				DEVELOPMENT_TEAM = P5VFH67A9C;
				INFOPLIST_FILE = Test2Tests/Info.plist;
				IPHONEOS_DEPLOYMENT_TARGET = 14.4;
				LD_RUNPATH_SEARCH_PATHS = (
					"$(inherited)",
					"@executable_path/Frameworks",
					"@loader_path/Frameworks",
				);
				PRODUCT_BUNDLE_IDENTIFIER = "Group2-CS499.Test2Tests";
				PRODUCT_NAME = "$(TARGET_NAME)";
				SWIFT_VERSION = 5.0;
				TARGETED_DEVICE_FAMILY = "1,2";
				TEST_HOST = "$(BUILT_PRODUCTS_DIR)/Test2.app/Test2";
			};
			name = Release;
		};
		F23CD5AB25CF03F7009AC119 /* Debug */ = {
			isa = XCBuildConfiguration;
			buildSettings = {
				ALWAYS_EMBED_SWIFT_STANDARD_LIBRARIES = YES;
				CODE_SIGN_STYLE = Automatic;
				DEVELOPMENT_TEAM = P5VFH67A9C;
				INFOPLIST_FILE = Test2UITests/Info.plist;
				LD_RUNPATH_SEARCH_PATHS = (
					"$(inherited)",
					"@executable_path/Frameworks",
					"@loader_path/Frameworks",
				);
				PRODUCT_BUNDLE_IDENTIFIER = "Group2-CS499.Test2UITests";
				PRODUCT_NAME = "$(TARGET_NAME)";
				SWIFT_VERSION = 5.0;
				TARGETED_DEVICE_FAMILY = "1,2";
				TEST_TARGET_NAME = Test2;
			};
			name = Debug;
		};
		F23CD5AC25CF03F7009AC119 /* Release */ = {
			isa = XCBuildConfiguration;
			buildSettings = {
				ALWAYS_EMBED_SWIFT_STANDARD_LIBRARIES = YES;
				CODE_SIGN_STYLE = Automatic;
				DEVELOPMENT_TEAM = P5VFH67A9C;
				INFOPLIST_FILE = Test2UITests/Info.plist;
				LD_RUNPATH_SEARCH_PATHS = (
					"$(inherited)",
					"@executable_path/Frameworks",
					"@loader_path/Frameworks",
				);
				PRODUCT_BUNDLE_IDENTIFIER = "Group2-CS499.Test2UITests";
				PRODUCT_NAME = "$(TARGET_NAME)";
				SWIFT_VERSION = 5.0;
				TARGETED_DEVICE_FAMILY = "1,2";
				TEST_TARGET_NAME = Test2;
			};
			name = Release;
		};
/* End XCBuildConfiguration section */

/* Begin XCConfigurationList section */
		F23CD57525CF03EC009AC119 /* Build configuration list for PBXProject "Test2" */ = {
			isa = XCConfigurationList;
			buildConfigurations = (
				F23CD5A225CF03F7009AC119 /* Debug */,
				F23CD5A325CF03F7009AC119 /* Release */,
			);
			defaultConfigurationIsVisible = 0;
			defaultConfigurationName = Release;
		};
		F23CD5A425CF03F7009AC119 /* Build configuration list for PBXNativeTarget "Test2" */ = {
			isa = XCConfigurationList;
			buildConfigurations = (
				F23CD5A525CF03F7009AC119 /* Debug */,
				F23CD5A625CF03F7009AC119 /* Release */,
			);
			defaultConfigurationIsVisible = 0;
			defaultConfigurationName = Release;
		};
		F23CD5A725CF03F7009AC119 /* Build configuration list for PBXNativeTarget "Test2Tests" */ = {
			isa = XCConfigurationList;
			buildConfigurations = (
				F23CD5A825CF03F7009AC119 /* Debug */,
				F23CD5A925CF03F7009AC119 /* Release */,
			);
			defaultConfigurationIsVisible = 0;
			defaultConfigurationName = Release;
		};
		F23CD5AA25CF03F7009AC119 /* Build configuration list for PBXNativeTarget "Test2UITests" */ = {
			isa = XCConfigurationList;
			buildConfigurations = (
				F23CD5AB25CF03F7009AC119 /* Debug */,
				F23CD5AC25CF03F7009AC119 /* Release */,
			);
			defaultConfigurationIsVisible = 0;
			defaultConfigurationName = Release;
		};
/* End XCConfigurationList section */
	};
	rootObject = F23CD57225CF03EC009AC119 /* Project object */;
}
